<?xml version="1.0" encoding="UTF-8" standalone="yes" ?>
<CodeBlocks_project_file>
	<FileVersion major="1" minor="6" />
	<Project>
		<Option title="test" />
		<Option pch_mode="2" />
		<Option compiler="gcc" />
		<Build>
			<Target title="Debug">
				<Option output="./bin/Debug/test" prefix_auto="1" extension_auto="1" />
				<Option object_output="./obj/Debug/" />
				<Option type="1" />
				<Option compiler="gcc" />
				<Compiler>
					<Add option="-g" />
				</Compiler>
			</Target>
			<Target title="Release">
				<Option output="./bin/Release/test" prefix_auto="1" extension_auto="1" />
				<Option object_output="./obj/Release/" />
				<Option type="1" />
				<Option compiler="gcc" />
				<Compiler>
					<Add option="-O2" />
				</Compiler>
				<Linker>
					<Add option="-s" />
				</Linker>
			</Target>
		</Build>
		<Compiler>
			<Add option="-Wall" />
			<Add option="-fexceptions" />
			<Add directory="./contrib/catch2/include" />
			<Add directory="../include" />
		</Compiler>
		<Unit filename="../include/saga/algorithm.hpp" />
		<Unit filename="../include/saga/cpp20/span.hpp" />
		<Unit filename="../include/saga/cursor/cycle.hpp" />
		<Unit filename="../include/saga/cursor/subrange.hpp" />
		<Unit filename="../include/saga/detail/static_empty_const.hpp" />
		<Unit filename="../include/saga/iterator.hpp" />
		<Unit filename="../include/saga/math/probability.hpp" />
		<Unit filename="../include/saga/numeric.hpp" />
		<Unit filename="../include/saga/optimization/evaluated_solution.hpp" />
		<Unit filename="../include/saga/optimization/ga.hpp" />
		<Unit filename="../include/saga/optimization/local_search.hpp" />
		<Unit filename="../include/saga/optimization/optimization_problem.hpp" />
		<Unit filename="../include/saga/optimization/test_objectives.hpp" />
		<Unit filename="../include/saga/random/iid_distribution.hpp" />
		<Unit filename="../include/saga/type_traits.hpp" />
		<Unit filename="contrib/catch2/include/catch/catch.hpp" />
		<Unit filename="cpp20/span.cpp" />
		<Unit filename="main.cpp" />
		<Unit filename="math/probability.cpp" />
		<Unit filename="optimization/ga.cpp" />
		<Unit filename="optimization/local_search.cpp" />
		<Unit filename="random/iid_distribution.cpp" />
		<Unit filename="random_engine.cpp" />
		<Unit filename="random_engine.hpp" />
		<Extensions>
			<lib_finder disable_auto="1" />
		</Extensions>
	</Project>
</CodeBlocks_project_file>
